
Microsoft Visual Studio Solution File, Format Version 12.00
# Visual Studio Version 16
VisualStudioVersion = 16.0.30503.244
MinimumVisualStudioVersion = 10.0.40219.1
Project("{F184B08F-C81C-45F6-A57F-5ABD9991F28F}") = "RepasoBucles", "RepasoBucles.vbproj", "{91A00DE5-0BD3-446C-B148-42D604CB3466}"
EndProject
Global
	GlobalSection(SolutionConfigurationPlatforms) = preSolution
		Debug|Any CPU = Debug|Any CPU
		Release|Any CPU = Release|Any CPU
	EndGlobalSection
	GlobalSection(ProjectConfigurationPlatforms) = postSolution
		{91A00DE5-0BD3-446C-B148-42D604CB3466}.Debug|Any CPU.ActiveCfg = Debug|Any CPU
		{91A00DE5-0BD3-446C-B148-42D604CB3466}.Debug|Any CPU.Build.0 = Debug|Any CPU
		{91A00DE5-0BD3-446C-B148-42D604CB3466}.Release|Any CPU.ActiveCfg = Release|Any CPU
		{91A00DE5-0BD3-446C-B148-42D604CB3466}.Release|Any CPU.Build.0 = Release|Any CPU
	EndGlobalSection
	GlobalSection(SolutionProperties) = preSolution
		HideSolutionNode = FALSE
	EndGlobalSection
	GlobalSection(ExtensibilityGlobals) = postSolution
		SolutionGuid = {E0761561-7280-4364-8CB0-0C3E5E2FA15C}
	EndGlobalSection
EndGlobal
