
Microsoft Visual Studio Solution File, Format Version 12.00
# Visual Studio Version 16
VisualStudioVersion = 16.0.30503.244
MinimumVisualStudioVersion = 10.0.40219.1
Project("{F184B08F-C81C-45F6-A57F-5ABD9991F28F}") = "Exlicacion01", "Exlicacion01.vbproj", "{C1184DE4-6421-4B42-8D65-D27D5D81AB16}"
EndProject
Global
	GlobalSection(SolutionConfigurationPlatforms) = preSolution
		Debug|Any CPU = Debug|Any CPU
		Release|Any CPU = Release|Any CPU
	EndGlobalSection
	GlobalSection(ProjectConfigurationPlatforms) = postSolution
		{C1184DE4-6421-4B42-8D65-D27D5D81AB16}.Debug|Any CPU.ActiveCfg = Debug|Any CPU
		{C1184DE4-6421-4B42-8D65-D27D5D81AB16}.Debug|Any CPU.Build.0 = Debug|Any CPU
		{C1184DE4-6421-4B42-8D65-D27D5D81AB16}.Release|Any CPU.ActiveCfg = Release|Any CPU
		{C1184DE4-6421-4B42-8D65-D27D5D81AB16}.Release|Any CPU.Build.0 = Release|Any CPU
	EndGlobalSection
	GlobalSection(SolutionProperties) = preSolution
		HideSolutionNode = FALSE
	EndGlobalSection
	GlobalSection(ExtensibilityGlobals) = postSolution
		SolutionGuid = {EB63BBC5-660C-4055-8069-8EC4C328566F}
	EndGlobalSection
EndGlobal
