
Microsoft Visual Studio Solution File, Format Version 12.00
# Visual Studio Version 16
VisualStudioVersion = 16.0.30503.244
MinimumVisualStudioVersion = 10.0.40219.1
Project("{F184B08F-C81C-45F6-A57F-5ABD9991F28F}") = "EjercicioRepaso", "EjercicioRepaso.vbproj", "{4B3479E4-28AE-4CB6-A860-23DE59E3198B}"
EndProject
Global
	GlobalSection(SolutionConfigurationPlatforms) = preSolution
		Debug|Any CPU = Debug|Any CPU
		Release|Any CPU = Release|Any CPU
	EndGlobalSection
	GlobalSection(ProjectConfigurationPlatforms) = postSolution
		{4B3479E4-28AE-4CB6-A860-23DE59E3198B}.Debug|Any CPU.ActiveCfg = Debug|Any CPU
		{4B3479E4-28AE-4CB6-A860-23DE59E3198B}.Debug|Any CPU.Build.0 = Debug|Any CPU
		{4B3479E4-28AE-4CB6-A860-23DE59E3198B}.Release|Any CPU.ActiveCfg = Release|Any CPU
		{4B3479E4-28AE-4CB6-A860-23DE59E3198B}.Release|Any CPU.Build.0 = Release|Any CPU
	EndGlobalSection
	GlobalSection(SolutionProperties) = preSolution
		HideSolutionNode = FALSE
	EndGlobalSection
	GlobalSection(ExtensibilityGlobals) = postSolution
		SolutionGuid = {7290BA74-C0C6-4D83-BC09-71834415DDBE}
	EndGlobalSection
EndGlobal
