
Microsoft Visual Studio Solution File, Format Version 12.00
# Visual Studio Version 16
VisualStudioVersion = 16.0.30114.105
MinimumVisualStudioVersion = 10.0.40219.1
Project("{F184B08F-C81C-45F6-A57F-5ABD9991F28F}") = "Explicacion2AppsGraficas", "Explicacion2AppsGraficas\Explicacion2AppsGraficas.vbproj", "{69E35207-874F-4ADA-86F3-4953E76BD846}"
EndProject
Global
	GlobalSection(SolutionConfigurationPlatforms) = preSolution
		Debug|Any CPU = Debug|Any CPU
		Release|Any CPU = Release|Any CPU
	EndGlobalSection
	GlobalSection(ProjectConfigurationPlatforms) = postSolution
		{69E35207-874F-4ADA-86F3-4953E76BD846}.Debug|Any CPU.ActiveCfg = Debug|Any CPU
		{69E35207-874F-4ADA-86F3-4953E76BD846}.Debug|Any CPU.Build.0 = Debug|Any CPU
		{69E35207-874F-4ADA-86F3-4953E76BD846}.Release|Any CPU.ActiveCfg = Release|Any CPU
		{69E35207-874F-4ADA-86F3-4953E76BD846}.Release|Any CPU.Build.0 = Release|Any CPU
	EndGlobalSection
	GlobalSection(SolutionProperties) = preSolution
		HideSolutionNode = FALSE
	EndGlobalSection
	GlobalSection(ExtensibilityGlobals) = postSolution
		SolutionGuid = {36E5E4DC-EBB6-434B-BC2E-4E641E789898}
	EndGlobalSection
EndGlobal
